
Microsoft Visual Studio Solution File, Format Version 12.00
# Visual Studio Version 16
VisualStudioVersion = 16.0.29326.143
MinimumVisualStudioVersion = 15.0.26124.0
Project("{9A19103F-16F7-4668-BE54-9A1E7A4F7556}") = "DotnetBoilerplate.Caching", "src\DotnetBoilerplate.Caching\DotnetBoilerplate.Caching.csproj", "{ABC245A6-D844-4674-8AFC-1A5EDC53CBFC}"
EndProject
Project("{9A19103F-16F7-4668-BE54-9A1E7A4F7556}") = "DotnetBoilerplate.Data.Core", "src\DotnetBoilerplate.Data.Core\DotnetBoilerplate.Data.Core.csproj", "{EA871830-867F-45FA-AF3C-4434BB8CBD58}"
EndProject
Project("{9A19103F-16F7-4668-BE54-9A1E7A4F7556}") = "DotnetBoilerplate.DependencyInjection", "src\DotnetBoilerplate.DependencyInjection\DotnetBoilerplate.DependencyInjection.csproj", "{580433D2-A46F-4686-B19A-0D9D7D96EC73}"
EndProject
Project("{9A19103F-16F7-4668-BE54-9A1E7A4F7556}") = "DotnetBoilerplate.Helpers", "src\DotnetBoilerplate.Helpers\DotnetBoilerplate.Helpers.csproj", "{7AD7F41B-4329-4BCE-9E04-3FBF320B263D}"
EndProject
Project("{9A19103F-16F7-4668-BE54-9A1E7A4F7556}") = "DotnetBoilerplate.Common", "src\DotnetBoilerplate.Common\DotnetBoilerplate.Common.csproj", "{1115C279-5967-4F5F-9905-B068CEDB3702}"
EndProject
Project("{9A19103F-16F7-4668-BE54-9A1E7A4F7556}") = "DotnetBoilerplate.Mvc.Core", "src\DotnetBoilerplate.Mvc.Core\DotnetBoilerplate.Mvc.Core.csproj", "{96E22190-83F0-460B-8FF9-1CB142D1DAE1}"
EndProject
Project("{9A19103F-16F7-4668-BE54-9A1E7A4F7556}") = "DotnetBoilerplate.Serilog", "src\DotnetBoilerplate.Serilog\DotnetBoilerplate.Serilog.csproj", "{C90E4BCA-75FA-4091-BF99-D73F1C6F69B6}"
EndProject
Project("{FAE04EC0-301F-11D3-BF4B-00C04F79EFBC}") = "DotnetBoilerplate.Http", "src\DotnetBoilerplate.Http\DotnetBoilerplate.Http.csproj", "{99A26F92-B037-47C8-963A-308DF6717381}"
EndProject
Global
	GlobalSection(SolutionConfigurationPlatforms) = preSolution
		Debug|Any CPU = Debug|Any CPU
		Debug|x64 = Debug|x64
		Debug|x86 = Debug|x86
		Release|Any CPU = Release|Any CPU
		Release|x64 = Release|x64
		Release|x86 = Release|x86
	EndGlobalSection
	GlobalSection(ProjectConfigurationPlatforms) = postSolution
		{ABC245A6-D844-4674-8AFC-1A5EDC53CBFC}.Debug|Any CPU.ActiveCfg = Debug|Any CPU
		{ABC245A6-D844-4674-8AFC-1A5EDC53CBFC}.Debug|Any CPU.Build.0 = Debug|Any CPU
		{ABC245A6-D844-4674-8AFC-1A5EDC53CBFC}.Debug|x64.ActiveCfg = Debug|Any CPU
		{ABC245A6-D844-4674-8AFC-1A5EDC53CBFC}.Debug|x64.Build.0 = Debug|Any CPU
		{ABC245A6-D844-4674-8AFC-1A5EDC53CBFC}.Debug|x86.ActiveCfg = Debug|Any CPU
		{ABC245A6-D844-4674-8AFC-1A5EDC53CBFC}.Debug|x86.Build.0 = Debug|Any CPU
		{ABC245A6-D844-4674-8AFC-1A5EDC53CBFC}.Release|Any CPU.ActiveCfg = Release|Any CPU
		{ABC245A6-D844-4674-8AFC-1A5EDC53CBFC}.Release|Any CPU.Build.0 = Release|Any CPU
		{ABC245A6-D844-4674-8AFC-1A5EDC53CBFC}.Release|x64.ActiveCfg = Release|Any CPU
		{ABC245A6-D844-4674-8AFC-1A5EDC53CBFC}.Release|x64.Build.0 = Release|Any CPU
		{ABC245A6-D844-4674-8AFC-1A5EDC53CBFC}.Release|x86.ActiveCfg = Release|Any CPU
		{ABC245A6-D844-4674-8AFC-1A5EDC53CBFC}.Release|x86.Build.0 = Release|Any CPU
		{EA871830-867F-45FA-AF3C-4434BB8CBD58}.Debug|Any CPU.ActiveCfg = Debug|Any CPU
		{EA871830-867F-45FA-AF3C-4434BB8CBD58}.Debug|Any CPU.Build.0 = Debug|Any CPU
		{EA871830-867F-45FA-AF3C-4434BB8CBD58}.Debug|x64.ActiveCfg = Debug|Any CPU
		{EA871830-867F-45FA-AF3C-4434BB8CBD58}.Debug|x64.Build.0 = Debug|Any CPU
		{EA871830-867F-45FA-AF3C-4434BB8CBD58}.Debug|x86.ActiveCfg = Debug|Any CPU
		{EA871830-867F-45FA-AF3C-4434BB8CBD58}.Debug|x86.Build.0 = Debug|Any CPU
		{EA871830-867F-45FA-AF3C-4434BB8CBD58}.Release|Any CPU.ActiveCfg = Release|Any CPU
		{EA871830-867F-45FA-AF3C-4434BB8CBD58}.Release|Any CPU.Build.0 = Release|Any CPU
		{EA871830-867F-45FA-AF3C-4434BB8CBD58}.Release|x64.ActiveCfg = Release|Any CPU
		{EA871830-867F-45FA-AF3C-4434BB8CBD58}.Release|x64.Build.0 = Release|Any CPU
		{EA871830-867F-45FA-AF3C-4434BB8CBD58}.Release|x86.ActiveCfg = Release|Any CPU
		{EA871830-867F-45FA-AF3C-4434BB8CBD58}.Release|x86.Build.0 = Release|Any CPU
		{580433D2-A46F-4686-B19A-0D9D7D96EC73}.Debug|Any CPU.ActiveCfg = Debug|Any CPU
		{580433D2-A46F-4686-B19A-0D9D7D96EC73}.Debug|Any CPU.Build.0 = Debug|Any CPU
		{580433D2-A46F-4686-B19A-0D9D7D96EC73}.Debug|x64.ActiveCfg = Debug|Any CPU
		{580433D2-A46F-4686-B19A-0D9D7D96EC73}.Debug|x64.Build.0 = Debug|Any CPU
		{580433D2-A46F-4686-B19A-0D9D7D96EC73}.Debug|x86.ActiveCfg = Debug|Any CPU
		{580433D2-A46F-4686-B19A-0D9D7D96EC73}.Debug|x86.Build.0 = Debug|Any CPU
		{580433D2-A46F-4686-B19A-0D9D7D96EC73}.Release|Any CPU.ActiveCfg = Release|Any CPU
		{580433D2-A46F-4686-B19A-0D9D7D96EC73}.Release|Any CPU.Build.0 = Release|Any CPU
		{580433D2-A46F-4686-B19A-0D9D7D96EC73}.Release|x64.ActiveCfg = Release|Any CPU
		{580433D2-A46F-4686-B19A-0D9D7D96EC73}.Release|x64.Build.0 = Release|Any CPU
		{580433D2-A46F-4686-B19A-0D9D7D96EC73}.Release|x86.ActiveCfg = Release|Any CPU
		{580433D2-A46F-4686-B19A-0D9D7D96EC73}.Release|x86.Build.0 = Release|Any CPU
		{7AD7F41B-4329-4BCE-9E04-3FBF320B263D}.Debug|Any CPU.ActiveCfg = Debug|Any CPU
		{7AD7F41B-4329-4BCE-9E04-3FBF320B263D}.Debug|Any CPU.Build.0 = Debug|Any CPU
		{7AD7F41B-4329-4BCE-9E04-3FBF320B263D}.Debug|x64.ActiveCfg = Debug|Any CPU
		{7AD7F41B-4329-4BCE-9E04-3FBF320B263D}.Debug|x64.Build.0 = Debug|Any CPU
		{7AD7F41B-4329-4BCE-9E04-3FBF320B263D}.Debug|x86.ActiveCfg = Debug|Any CPU
		{7AD7F41B-4329-4BCE-9E04-3FBF320B263D}.Debug|x86.Build.0 = Debug|Any CPU
		{7AD7F41B-4329-4BCE-9E04-3FBF320B263D}.Release|Any CPU.ActiveCfg = Release|Any CPU
		{7AD7F41B-4329-4BCE-9E04-3FBF320B263D}.Release|Any CPU.Build.0 = Release|Any CPU
		{7AD7F41B-4329-4BCE-9E04-3FBF320B263D}.Release|x64.ActiveCfg = Release|Any CPU
		{7AD7F41B-4329-4BCE-9E04-3FBF320B263D}.Release|x64.Build.0 = Release|Any CPU
		{7AD7F41B-4329-4BCE-9E04-3FBF320B263D}.Release|x86.ActiveCfg = Release|Any CPU
		{7AD7F41B-4329-4BCE-9E04-3FBF320B263D}.Release|x86.Build.0 = Release|Any CPU
		{1115C279-5967-4F5F-9905-B068CEDB3702}.Debug|Any CPU.ActiveCfg = Debug|Any CPU
		{1115C279-5967-4F5F-9905-B068CEDB3702}.Debug|Any CPU.Build.0 = Debug|Any CPU
		{1115C279-5967-4F5F-9905-B068CEDB3702}.Debug|x64.ActiveCfg = Debug|Any CPU
		{1115C279-5967-4F5F-9905-B068CEDB3702}.Debug|x64.Build.0 = Debug|Any CPU
		{1115C279-5967-4F5F-9905-B068CEDB3702}.Debug|x86.ActiveCfg = Debug|Any CPU
		{1115C279-5967-4F5F-9905-B068CEDB3702}.Debug|x86.Build.0 = Debug|Any CPU
		{1115C279-5967-4F5F-9905-B068CEDB3702}.Release|Any CPU.ActiveCfg = Release|Any CPU
		{1115C279-5967-4F5F-9905-B068CEDB3702}.Release|Any CPU.Build.0 = Release|Any CPU
		{1115C279-5967-4F5F-9905-B068CEDB3702}.Release|x64.ActiveCfg = Release|Any CPU
		{1115C279-5967-4F5F-9905-B068CEDB3702}.Release|x64.Build.0 = Release|Any CPU
		{1115C279-5967-4F5F-9905-B068CEDB3702}.Release|x86.ActiveCfg = Release|Any CPU
		{1115C279-5967-4F5F-9905-B068CEDB3702}.Release|x86.Build.0 = Release|Any CPU
		{96E22190-83F0-460B-8FF9-1CB142D1DAE1}.Debug|Any CPU.ActiveCfg = Debug|Any CPU
		{96E22190-83F0-460B-8FF9-1CB142D1DAE1}.Debug|Any CPU.Build.0 = Debug|Any CPU
		{96E22190-83F0-460B-8FF9-1CB142D1DAE1}.Debug|x64.ActiveCfg = Debug|Any CPU
		{96E22190-83F0-460B-8FF9-1CB142D1DAE1}.Debug|x64.Build.0 = Debug|Any CPU
		{96E22190-83F0-460B-8FF9-1CB142D1DAE1}.Debug|x86.ActiveCfg = Debug|Any CPU
		{96E22190-83F0-460B-8FF9-1CB142D1DAE1}.Debug|x86.Build.0 = Debug|Any CPU
		{96E22190-83F0-460B-8FF9-1CB142D1DAE1}.Release|Any CPU.ActiveCfg = Release|Any CPU
		{96E22190-83F0-460B-8FF9-1CB142D1DAE1}.Release|Any CPU.Build.0 = Release|Any CPU
		{96E22190-83F0-460B-8FF9-1CB142D1DAE1}.Release|x64.ActiveCfg = Release|Any CPU
		{96E22190-83F0-460B-8FF9-1CB142D1DAE1}.Release|x64.Build.0 = Release|Any CPU
		{96E22190-83F0-460B-8FF9-1CB142D1DAE1}.Release|x86.ActiveCfg = Release|Any CPU
		{96E22190-83F0-460B-8FF9-1CB142D1DAE1}.Release|x86.Build.0 = Release|Any CPU
		{C90E4BCA-75FA-4091-BF99-D73F1C6F69B6}.Debug|Any CPU.ActiveCfg = Debug|Any CPU
		{C90E4BCA-75FA-4091-BF99-D73F1C6F69B6}.Debug|Any CPU.Build.0 = Debug|Any CPU
		{C90E4BCA-75FA-4091-BF99-D73F1C6F69B6}.Debug|x64.ActiveCfg = Debug|Any CPU
		{C90E4BCA-75FA-4091-BF99-D73F1C6F69B6}.Debug|x64.Build.0 = Debug|Any CPU
		{C90E4BCA-75FA-4091-BF99-D73F1C6F69B6}.Debug|x86.ActiveCfg = Debug|Any CPU
		{C90E4BCA-75FA-4091-BF99-D73F1C6F69B6}.Debug|x86.Build.0 = Debug|Any CPU
		{C90E4BCA-75FA-4091-BF99-D73F1C6F69B6}.Release|Any CPU.ActiveCfg = Release|Any CPU
		{C90E4BCA-75FA-4091-BF99-D73F1C6F69B6}.Release|Any CPU.Build.0 = Release|Any CPU
		{C90E4BCA-75FA-4091-BF99-D73F1C6F69B6}.Release|x64.ActiveCfg = Release|Any CPU
		{C90E4BCA-75FA-4091-BF99-D73F1C6F69B6}.Release|x64.Build.0 = Release|Any CPU
		{C90E4BCA-75FA-4091-BF99-D73F1C6F69B6}.Release|x86.ActiveCfg = Release|Any CPU
		{C90E4BCA-75FA-4091-BF99-D73F1C6F69B6}.Release|x86.Build.0 = Release|Any CPU
		{99A26F92-B037-47C8-963A-308DF6717381}.Debug|Any CPU.ActiveCfg = Debug|Any CPU
		{99A26F92-B037-47C8-963A-308DF6717381}.Debug|Any CPU.Build.0 = Debug|Any CPU
		{99A26F92-B037-47C8-963A-308DF6717381}.Debug|x64.ActiveCfg = Debug|Any CPU
		{99A26F92-B037-47C8-963A-308DF6717381}.Debug|x64.Build.0 = Debug|Any CPU
		{99A26F92-B037-47C8-963A-308DF6717381}.Debug|x86.ActiveCfg = Debug|Any CPU
		{99A26F92-B037-47C8-963A-308DF6717381}.Debug|x86.Build.0 = Debug|Any CPU
		{99A26F92-B037-47C8-963A-308DF6717381}.Release|Any CPU.ActiveCfg = Release|Any CPU
		{99A26F92-B037-47C8-963A-308DF6717381}.Release|Any CPU.Build.0 = Release|Any CPU
		{99A26F92-B037-47C8-963A-308DF6717381}.Release|x64.ActiveCfg = Release|Any CPU
		{99A26F92-B037-47C8-963A-308DF6717381}.Release|x64.Build.0 = Release|Any CPU
		{99A26F92-B037-47C8-963A-308DF6717381}.Release|x86.ActiveCfg = Release|Any CPU
		{99A26F92-B037-47C8-963A-308DF6717381}.Release|x86.Build.0 = Release|Any CPU
	EndGlobalSection
	GlobalSection(SolutionProperties) = preSolution
		HideSolutionNode = FALSE
	EndGlobalSection
	GlobalSection(NestedProjects) = preSolution
		{ABC245A6-D844-4674-8AFC-1A5EDC53CBFC} = {D0D47729-C07A-43A6-961B-D01A91ACA8E5}
		{EA871830-867F-45FA-AF3C-4434BB8CBD58} = {D0D47729-C07A-43A6-961B-D01A91ACA8E5}
		{580433D2-A46F-4686-B19A-0D9D7D96EC73} = {D0D47729-C07A-43A6-961B-D01A91ACA8E5}
		{7AD7F41B-4329-4BCE-9E04-3FBF320B263D} = {D0D47729-C07A-43A6-961B-D01A91ACA8E5}
		{1115C279-5967-4F5F-9905-B068CEDB3702} = {D0D47729-C07A-43A6-961B-D01A91ACA8E5}
		{96E22190-83F0-460B-8FF9-1CB142D1DAE1} = {D0D47729-C07A-43A6-961B-D01A91ACA8E5}
		{C90E4BCA-75FA-4091-BF99-D73F1C6F69B6} = {D0D47729-C07A-43A6-961B-D01A91ACA8E5}
		{99A26F92-B037-47C8-963A-308DF6717381} = {D0D47729-C07A-43A6-961B-D01A91ACA8E5}
	EndGlobalSection
	GlobalSection(ExtensibilityGlobals) = postSolution
		SolutionGuid = {7736E3C9-F287-49C4-BED6-D52ABB6B479F}
	EndGlobalSection
EndGlobal
